
Microsoft Visual Studio Solution File, Format Version 12.00
# Visual Studio 15
VisualStudioVersion = 15.0.28010.2041
MinimumVisualStudioVersion = 10.0.40219.1
Project("{FAE04EC0-301F-11D3-BF4B-00C04F79EFBC}") = "cloudCloneTest", "cloudCloneTest\cloudCloneTest.csproj", "{A633EC6F-1F2E-4198-AEE2-D658286236D6}"
EndProject
Global
	GlobalSection(SolutionConfigurationPlatforms) = preSolution
		Debug|Any CPU = Debug|Any CPU
		Release|Any CPU = Release|Any CPU
	EndGlobalSection
	GlobalSection(ProjectConfigurationPlatforms) = postSolution
		{A633EC6F-1F2E-4198-AEE2-D658286236D6}.Debug|Any CPU.ActiveCfg = Debug|Any CPU
		{A633EC6F-1F2E-4198-AEE2-D658286236D6}.Debug|Any CPU.Build.0 = Debug|Any CPU
		{A633EC6F-1F2E-4198-AEE2-D658286236D6}.Release|Any CPU.ActiveCfg = Release|Any CPU
		{A633EC6F-1F2E-4198-AEE2-D658286236D6}.Release|Any CPU.Build.0 = Release|Any CPU
	EndGlobalSection
	GlobalSection(SolutionProperties) = preSolution
		HideSolutionNode = FALSE
	EndGlobalSection
	GlobalSection(ExtensibilityGlobals) = postSolution
		SolutionGuid = {2B9F6056-681D-4960-ACEB-44DD75C6A757}
	EndGlobalSection
EndGlobal
